{
  "name": "hw1",
  "lockfileVersion": 3,
  "requires": true,
  "packages": {
    "": {
      "dependencies": {
        "@melloware/coloris": "^0.24.0"
      }
    },
    "node_modules/@melloware/coloris": {
      "version": "0.24.0",
      "resolved": "https://registry.npmjs.org/@melloware/coloris/-/coloris-0.24.0.tgz",
      "integrity": "sha512-9RGKHqZJsUSsxb/0xaBCK5OKywobiK/xRtV8f4KQDmviqmVfkMLR3kK4DRuTTLSFdSOqkV0OQ/Niitu+rlXXYw==",
      "license": "MIT"
    }
  }
}
